
Microsoft Visual Studio Solution File, Format Version 12.00
# Visual Studio 15
VisualStudioVersion = 15.0.28307.168
MinimumVisualStudioVersion = 10.0.40219.1
Project("{FAE04EC0-301F-11D3-BF4B-00C04F79EFBC}") = "Homework190602", "Homework190602\Homework190602.csproj", "{3E8A817F-2A28-4932-A86B-4B05F4DBBA6C}"
EndProject
Global
	GlobalSection(SolutionConfigurationPlatforms) = preSolution
		Debug|Any CPU = Debug|Any CPU
		Release|Any CPU = Release|Any CPU
	EndGlobalSection
	GlobalSection(ProjectConfigurationPlatforms) = postSolution
		{3E8A817F-2A28-4932-A86B-4B05F4DBBA6C}.Debug|Any CPU.ActiveCfg = Debug|Any CPU
		{3E8A817F-2A28-4932-A86B-4B05F4DBBA6C}.Debug|Any CPU.Build.0 = Debug|Any CPU
		{3E8A817F-2A28-4932-A86B-4B05F4DBBA6C}.Release|Any CPU.ActiveCfg = Release|Any CPU
		{3E8A817F-2A28-4932-A86B-4B05F4DBBA6C}.Release|Any CPU.Build.0 = Release|Any CPU
	EndGlobalSection
	GlobalSection(SolutionProperties) = preSolution
		HideSolutionNode = FALSE
	EndGlobalSection
	GlobalSection(ExtensibilityGlobals) = postSolution
		SolutionGuid = {5C90E06A-7481-4221-B47A-2D4D910FBD8E}
	EndGlobalSection
EndGlobal
