
Microsoft Visual Studio Solution File, Format Version 12.00
# Visual Studio 15
VisualStudioVersion = 15.0.28307.168
MinimumVisualStudioVersion = 10.0.40219.1
Project("{FAE04EC0-301F-11D3-BF4B-00C04F79EFBC}") = "Homework190613", "Homework190613\Homework190613.csproj", "{BD61A64B-73BC-42CE-BB63-60F74B45BF97}"
EndProject
Global
	GlobalSection(SolutionConfigurationPlatforms) = preSolution
		Debug|Any CPU = Debug|Any CPU
		Release|Any CPU = Release|Any CPU
	EndGlobalSection
	GlobalSection(ProjectConfigurationPlatforms) = postSolution
		{BD61A64B-73BC-42CE-BB63-60F74B45BF97}.Debug|Any CPU.ActiveCfg = Debug|Any CPU
		{BD61A64B-73BC-42CE-BB63-60F74B45BF97}.Debug|Any CPU.Build.0 = Debug|Any CPU
		{BD61A64B-73BC-42CE-BB63-60F74B45BF97}.Release|Any CPU.ActiveCfg = Release|Any CPU
		{BD61A64B-73BC-42CE-BB63-60F74B45BF97}.Release|Any CPU.Build.0 = Release|Any CPU
	EndGlobalSection
	GlobalSection(SolutionProperties) = preSolution
		HideSolutionNode = FALSE
	EndGlobalSection
	GlobalSection(ExtensibilityGlobals) = postSolution
		SolutionGuid = {E128B023-E593-4C40-84F5-786B537F4ACB}
	EndGlobalSection
EndGlobal
