
Microsoft Visual Studio Solution File, Format Version 12.00
# Visual Studio 15
VisualStudioVersion = 15.0.28307.168
MinimumVisualStudioVersion = 10.0.40219.1
Project("{FAE04EC0-301F-11D3-BF4B-00C04F79EFBC}") = "Homework190523", "Homework190523\Homework190523.csproj", "{CE36B13D-A550-4408-9075-8B494917E879}"
EndProject
Global
	GlobalSection(SolutionConfigurationPlatforms) = preSolution
		Debug|Any CPU = Debug|Any CPU
		Release|Any CPU = Release|Any CPU
	EndGlobalSection
	GlobalSection(ProjectConfigurationPlatforms) = postSolution
		{CE36B13D-A550-4408-9075-8B494917E879}.Debug|Any CPU.ActiveCfg = Debug|Any CPU
		{CE36B13D-A550-4408-9075-8B494917E879}.Debug|Any CPU.Build.0 = Debug|Any CPU
		{CE36B13D-A550-4408-9075-8B494917E879}.Release|Any CPU.ActiveCfg = Release|Any CPU
		{CE36B13D-A550-4408-9075-8B494917E879}.Release|Any CPU.Build.0 = Release|Any CPU
	EndGlobalSection
	GlobalSection(SolutionProperties) = preSolution
		HideSolutionNode = FALSE
	EndGlobalSection
	GlobalSection(ExtensibilityGlobals) = postSolution
		SolutionGuid = {19639676-2880-4A03-B029-758F96600B26}
	EndGlobalSection
EndGlobal
