
Microsoft Visual Studio Solution File, Format Version 12.00
# Visual Studio 15
VisualStudioVersion = 15.0.28307.168
MinimumVisualStudioVersion = 10.0.40219.1
Project("{FAE04EC0-301F-11D3-BF4B-00C04F79EFBC}") = "Homework190623", "Homework190623\Homework190623.csproj", "{A3F66A59-09BB-4F30-BD70-45A3859B5482}"
EndProject
Global
	GlobalSection(SolutionConfigurationPlatforms) = preSolution
		Debug|Any CPU = Debug|Any CPU
		Release|Any CPU = Release|Any CPU
	EndGlobalSection
	GlobalSection(ProjectConfigurationPlatforms) = postSolution
		{A3F66A59-09BB-4F30-BD70-45A3859B5482}.Debug|Any CPU.ActiveCfg = Debug|Any CPU
		{A3F66A59-09BB-4F30-BD70-45A3859B5482}.Debug|Any CPU.Build.0 = Debug|Any CPU
		{A3F66A59-09BB-4F30-BD70-45A3859B5482}.Release|Any CPU.ActiveCfg = Release|Any CPU
		{A3F66A59-09BB-4F30-BD70-45A3859B5482}.Release|Any CPU.Build.0 = Release|Any CPU
	EndGlobalSection
	GlobalSection(SolutionProperties) = preSolution
		HideSolutionNode = FALSE
	EndGlobalSection
	GlobalSection(ExtensibilityGlobals) = postSolution
		SolutionGuid = {232CF095-2A49-43DF-B679-0076B8F86DD2}
	EndGlobalSection
EndGlobal
