
Microsoft Visual Studio Solution File, Format Version 12.00
# Visual Studio 15
VisualStudioVersion = 15.0.28307.168
MinimumVisualStudioVersion = 10.0.40219.1
Project("{FAE04EC0-301F-11D3-BF4B-00C04F79EFBC}") = "Homework190628", "Homework190628\Homework190628.csproj", "{A7E28C3C-FFA5-487F-929A-31B6007DB0FC}"
EndProject
Global
	GlobalSection(SolutionConfigurationPlatforms) = preSolution
		Debug|Any CPU = Debug|Any CPU
		Release|Any CPU = Release|Any CPU
	EndGlobalSection
	GlobalSection(ProjectConfigurationPlatforms) = postSolution
		{A7E28C3C-FFA5-487F-929A-31B6007DB0FC}.Debug|Any CPU.ActiveCfg = Debug|Any CPU
		{A7E28C3C-FFA5-487F-929A-31B6007DB0FC}.Debug|Any CPU.Build.0 = Debug|Any CPU
		{A7E28C3C-FFA5-487F-929A-31B6007DB0FC}.Release|Any CPU.ActiveCfg = Release|Any CPU
		{A7E28C3C-FFA5-487F-929A-31B6007DB0FC}.Release|Any CPU.Build.0 = Release|Any CPU
	EndGlobalSection
	GlobalSection(SolutionProperties) = preSolution
		HideSolutionNode = FALSE
	EndGlobalSection
	GlobalSection(ExtensibilityGlobals) = postSolution
		SolutionGuid = {C7FAB8AA-AA79-4DF2-A8BD-A2B934D5975E}
	EndGlobalSection
EndGlobal
